
Microsoft Visual Studio Solution File, Format Version 12.00
# Visual Studio Version 16
VisualStudioVersion = 16.0.32802.440
MinimumVisualStudioVersion = 10.0.40219.1
Project("{FAE04EC0-301F-11D3-BF4B-00C04F79EFBC}") = "FileChangeDetect", "FileChangeDetect\FileChangeDetect.csproj", "{A323CAED-40C9-4F07-9F54-FFAC609FFFCB}"
EndProject
Global
	GlobalSection(SolutionConfigurationPlatforms) = preSolution
		Debug|Any CPU = Debug|Any CPU
		Release|Any CPU = Release|Any CPU
	EndGlobalSection
	GlobalSection(ProjectConfigurationPlatforms) = postSolution
		{A323CAED-40C9-4F07-9F54-FFAC609FFFCB}.Debug|Any CPU.ActiveCfg = Debug|Any CPU
		{A323CAED-40C9-4F07-9F54-FFAC609FFFCB}.Debug|Any CPU.Build.0 = Debug|Any CPU
		{A323CAED-40C9-4F07-9F54-FFAC609FFFCB}.Release|Any CPU.ActiveCfg = Release|Any CPU
		{A323CAED-40C9-4F07-9F54-FFAC609FFFCB}.Release|Any CPU.Build.0 = Release|Any CPU
	EndGlobalSection
	GlobalSection(SolutionProperties) = preSolution
		HideSolutionNode = FALSE
	EndGlobalSection
	GlobalSection(ExtensibilityGlobals) = postSolution
		SolutionGuid = {53477D0F-B884-4C27-9D01-DD687917280E}
	EndGlobalSection
EndGlobal
